
Microsoft Visual Studio Solution File, Format Version 12.00
# Visual Studio Version 17
VisualStudioVersion = 17.9.34728.123
MinimumVisualStudioVersion = 10.0.40219.1
Project("{2150E333-8FDC-42A3-9474-1A3956D46DE8}") = "src", "src", "{AFAA0841-BD93-466F-B8F4-FB4EEC86F1FC}"
EndProject
Project("{2150E333-8FDC-42A3-9474-1A3956D46DE8}") = "test", "test", "{F10AA149-2626-486E-85BB-9CD5365F3016}"
EndProject
Project("{9A19103F-16F7-4668-BE54-9A1E7A4F7556}") = "Neptune.NsPay.Web.Mvc", "src\Neptune.NsPay.Web.Mvc\Neptune.NsPay.Web.Mvc.csproj", "{A2213374-BB48-48FD-BBD4-81E6A961D866}"
EndProject
Project("{9A19103F-16F7-4668-BE54-9A1E7A4F7556}") = "Neptune.NsPay.Core", "src\Neptune.NsPay.Core\Neptune.NsPay.Core.csproj", "{0FA75A5B-AB83-4FD0-B545-279774C01E87}"
EndProject
Project("{9A19103F-16F7-4668-BE54-9A1E7A4F7556}") = "Neptune.NsPay.Application", "src\Neptune.NsPay.Application\Neptune.NsPay.Application.csproj", "{3870C648-4AEA-4B85-BA3F-F2F63B96136A}"
EndProject
Project("{9A19103F-16F7-4668-BE54-9A1E7A4F7556}") = "Neptune.NsPay.Tests", "test\Neptune.NsPay.Tests\Neptune.NsPay.Tests.csproj", "{0D4C5D00-C144-4213-A007-4B8944113AB1}"
EndProject
Project("{9A19103F-16F7-4668-BE54-9A1E7A4F7556}") = "Neptune.NsPay.Migrator", "src\Neptune.NsPay.Migrator\Neptune.NsPay.Migrator.csproj", "{7CAD3713-812A-4DE1-BDE3-59225B1E430A}"
EndProject
Project("{9A19103F-16F7-4668-BE54-9A1E7A4F7556}") = "Neptune.NsPay.Web.Core", "src\Neptune.NsPay.Web.Core\Neptune.NsPay.Web.Core.csproj", "{0F0E141D-2626-4114-9805-3AFD8275A6B0}"
EndProject
Project("{9A19103F-16F7-4668-BE54-9A1E7A4F7556}") = "Neptune.NsPay.EntityFrameworkCore", "src\Neptune.NsPay.EntityFrameworkCore\Neptune.NsPay.EntityFrameworkCore.csproj", "{A229F7D5-EE83-462E-8642-E9A2D5EA90FE}"
EndProject
Project("{2150E333-8FDC-42A3-9474-1A3956D46DE8}") = "Solution Items", "Solution Items", "{D04D9608-9CEB-4E0A-B548-410F7475E9F1}"
	ProjectSection(SolutionItems) = preProject
		common.props = common.props
	EndProjectSection
EndProject
Project("{9A19103F-16F7-4668-BE54-9A1E7A4F7556}") = "Neptune.NsPay.Application.Shared", "src\Neptune.NsPay.Application.Shared\Neptune.NsPay.Application.Shared.csproj", "{6143A90B-6C2A-4683-8A3A-4D48702770EA}"
EndProject
Project("{9A19103F-16F7-4668-BE54-9A1E7A4F7556}") = "Neptune.NsPay.Core.Shared", "src\Neptune.NsPay.Core.Shared\Neptune.NsPay.Core.Shared.csproj", "{4D6603C1-F7D6-4681-97F8-69B4BBBC0536}"
EndProject
Project("{9A19103F-16F7-4668-BE54-9A1E7A4F7556}") = "Neptune.NsPay.GraphQL", "src\Neptune.NsPay.GraphQL\Neptune.NsPay.GraphQL.csproj", "{06BE6AD3-3D14-4D0B-935A-4228C7904A9D}"
EndProject
Project("{9A19103F-16F7-4668-BE54-9A1E7A4F7556}") = "Neptune.NsPay.GraphQL.Tests", "test\Neptune.NsPay.GraphQL.Tests\Neptune.NsPay.GraphQL.Tests.csproj", "{E09101B3-F77E-4C72-8465-7B430FA93AD1}"
EndProject
Project("{9A19103F-16F7-4668-BE54-9A1E7A4F7556}") = "Neptune.NsPay.Test.Base", "test\Neptune.NsPay.Test.Base\Neptune.NsPay.Test.Base.csproj", "{62EC592B-CC95-43C2-9736-0EC6E46B01FA}"
EndProject
Project("{9A19103F-16F7-4668-BE54-9A1E7A4F7556}") = "Neptune.NsPay.ConsoleApiClient", "test\Neptune.NsPay.ConsoleApiClient\Neptune.NsPay.ConsoleApiClient.csproj", "{666F9B8F-1D07-4B00-A5FF-36F4BFF5302F}"
EndProject
Project("{9A19103F-16F7-4668-BE54-9A1E7A4F7556}") = "Neptune.NsPay.Commons", "src\Neptune.NsPay.Commons\Neptune.NsPay.Commons.csproj", "{13B1C319-945F-45DB-9552-E904C2FB6EEF}"
EndProject
Project("{9A19103F-16F7-4668-BE54-9A1E7A4F7556}") = "Neptune.NsPay.RedisExtensions", "src\Neptune.NsPay.RedisExtensions\Neptune.NsPay.RedisExtensions.csproj", "{6ADDAFB8-A5A2-4DD9-903D-2127E3289CE1}"
EndProject
Project("{9A19103F-16F7-4668-BE54-9A1E7A4F7556}") = "Neptune.NsPay.MongoDbExtensions", "src\Neptune.NsPay.MongoDbExtensions\Neptune.NsPay.MongoDbExtensions.csproj", "{5D24AB4E-ECCB-44EB-A917-62784ADDF83A}"
EndProject
Project("{9A19103F-16F7-4668-BE54-9A1E7A4F7556}") = "Neptune.NsPay.BankSubRedis", "src\Neptune.NsPay.BankSubRedis\Neptune.NsPay.BankSubRedis.csproj", "{E78552C1-A98B-4CD1-9D2C-5E2A4B44FF29}"
EndProject
Project("{9A19103F-16F7-4668-BE54-9A1E7A4F7556}") = "Neptune.NsPay.BankApi", "src\Neptune.NsPay.BankApi\Neptune.NsPay.BankApi.csproj", "{5AF10C28-C58C-4432-9BCD-F7B31E658796}"
EndProject
Project("{9A19103F-16F7-4668-BE54-9A1E7A4F7556}") = "Neptune.NsPay.HttpExtensions", "src\Neptune.NsPay.HttpExtensions\Neptune.NsPay.HttpExtensions.csproj", "{477ED7DB-7A96-47FF-B7DF-26EC87697302}"
EndProject
Project("{9A19103F-16F7-4668-BE54-9A1E7A4F7556}") = "Neptune.NsPay.Web.Api", "src\Neptune.NsPay.Web.Api\Neptune.NsPay.Web.Api.csproj", "{79B50B35-C320-40C3-8CD0-3FF66815851F}"
EndProject
Project("{9A19103F-16F7-4668-BE54-9A1E7A4F7556}") = "Neptune.NsPay.AutoDepositWorker", "src\Neptune.NsPay.AutoDepositWorker\Neptune.NsPay.AutoDepositWorker.csproj", "{43A9660F-0FE2-41E8-9E1D-F7F3B79D340A}"
EndProject
Project("{9A19103F-16F7-4668-BE54-9A1E7A4F7556}") = "Neptune.NsPay.AutoTransferWorker", "src\Neptune.NsPay.AutoTransferWorker\Neptune.NsPay.AutoTransferWorker.csproj", "{89008470-C849-43A6-B3CF-720C433EE366}"
EndProject
Project("{9A19103F-16F7-4668-BE54-9A1E7A4F7556}") = "Neptune.NsPay.Sundial", "src\Neptune.NsPay.Sundial\Neptune.NsPay.Sundial.csproj", "{BB3AFDC5-B12E-44B1-97E7-F0C16111EA90}"
EndProject
Project("{9A19103F-16F7-4668-BE54-9A1E7A4F7556}") = "Neptune.NsPay.PlatfromServices", "src\Neptune.NsPay.PlatfromServices\Neptune.NsPay.PlatfromServices.csproj", "{62B03A72-5DAA-4240-8F69-C5A12A9762FA}"
EndProject
Project("{9A19103F-16F7-4668-BE54-9A1E7A4F7556}") = "Neptune.NsPay.RabbitMqExtensions", "src\Neptune.NsPay.RabbitMqExtensions\Neptune.NsPay.RabbitMqExtensions.csproj", "{283FC564-2E8D-4AB6-B913-280D95DE9457}"
EndProject
Project("{9A19103F-16F7-4668-BE54-9A1E7A4F7556}") = "Neptune.NsPay.SqlSugarExtensions", "src\Neptune.NsPay.SqlSugarExtensions\Neptune.NsPay.SqlSugarExtensions.csproj", "{1BD5DBE4-1428-4393-8D24-88BD0982E5E1}"
EndProject
Project("{9A19103F-16F7-4668-BE54-9A1E7A4F7556}") = "Neptune.NsPay.Web.PayMonitorApi", "src\Neptune.NsPay.Web.PayMonitorApi\Neptune.NsPay.Web.PayMonitorApi.csproj", "{40FC84DA-C4FF-48AB-84A8-016336C8C6EE}"
EndProject
Project("{9A19103F-16F7-4668-BE54-9A1E7A4F7556}") = "Neptune.NsPay.AutoBalance", "src\Neptune.NsPay.AutoBalance\Neptune.NsPay.AutoBalance.csproj", "{96033705-AC0C-4344-A596-A29C7D9710A1}"
EndProject
Project("{9A19103F-16F7-4668-BE54-9A1E7A4F7556}") = "Neptune.NsPay.AutoCheckPayMent", "src\Neptune.NsPay.AutoCheckPayMent\Neptune.NsPay.AutoCheckPayMent.csproj", "{519258C6-D15C-4D46-8D33-810A40C4ACE2}"
EndProject
Project("{9A19103F-16F7-4668-BE54-9A1E7A4F7556}") = "Neptune.NsPay.Web.TransferApi", "src\Neptune.NsPay.Web.TransferApi\Neptune.NsPay.Web.TransferApi.csproj", "{714AAFCF-D091-425B-90B3-D799364253DE}"
EndProject
Project("{9A19103F-16F7-4668-BE54-9A1E7A4F7556}") = "Neptune.NsPay.MerchantBillsRecoverWorker", "Neptune.NsPay.MerchantBillsRecoverWorker\Neptune.NsPay.MerchantBillsRecoverWorker.csproj", "{7CFCAF14-9412-42A5-93B7-1465E608C14C}"
EndProject
Project("{9A19103F-16F7-4668-BE54-9A1E7A4F7556}") = "Neptune.NsPay.TelegramPayHelper", "src\Neptune.NsPay.TelegramPayHelper\Neptune.NsPay.TelegramPayHelper.csproj", "{B15969C1-ACDB-46B6-89B0-35140F426DB9}"
EndProject
Project("{9A19103F-16F7-4668-BE54-9A1E7A4F7556}") = "Neptune.NsPay.AccountChecker", "src\Neptune.NsPay.AccountChecker\Neptune.NsPay.AccountChecker.csproj", "{6417247D-CE90-412F-8C20-BA2CB13B5988}"
EndProject
Project("{9A19103F-16F7-4668-BE54-9A1E7A4F7556}") = "Neptune.NsPay.AccountCheckerClientExtension", "src\Neptune.NsPay.AccountCheckerClientExtension\Neptune.NsPay.AccountCheckerClientExtension.csproj", "{458FC3D3-4DDC-4FA3-A8EF-968D21023476}"
EndProject
Project("{9A19103F-16F7-4668-BE54-9A1E7A4F7556}") = "Neptune.NsPay.KafkaExtensions", "src\Neptune.NsPay.KafkaExtensions\Neptune.NsPay.KafkaExtensions.csproj", "{36C0AC91-7EE0-42D2-80CA-463D50BDB7E5}"
EndProject
Project("{9A19103F-16F7-4668-BE54-9A1E7A4F7556}") = "Neptune.NsPay.Web.KafkaApi", "src\Neptune.NsPay.Web.KafkaApi\Neptune.NsPay.Web.KafkaApi.csproj", "{3596E420-5EF8-4CF5-92CC-642D7E9292C1}"
EndProject
Project("{9A19103F-16F7-4668-BE54-9A1E7A4F7556}") = "Neptune.NsPay.Web.RabbitMQApi", "src\Neptune.NsPay.Web.RabbitMQApi\Neptune.NsPay.Web.RabbitMQApi.csproj", "{CD687213-3376-4211-A028-16DAFF5C3E35}"
EndProject
Project("{9A19103F-16F7-4668-BE54-9A1E7A4F7556}") = "Neptune.NsPay.ELKLogExtension", "src\Neptune.NsPay.ELKLogExtension\Neptune.NsPay.ELKLogExtension.csproj", "{AD049213-70D1-415A-8499-695FDB44F2E3}"
EndProject
Project("{9A19103F-16F7-4668-BE54-9A1E7A4F7556}") = "Neptune.NsPay.BillingExtensions", "src\Neptune.NsPay.BillingExtensions\Neptune.NsPay.BillingExtensions.csproj", "{FABDB7C8-6EA3-4C92-88D9-2C7826373691}"
EndProject
Project("{9A19103F-16F7-4668-BE54-9A1E7A4F7556}") = "Neptune.NsPay.TelegramReceipt", "src\Neptune.NsPay.TelegramReceipt\Neptune.NsPay.TelegramReceipt.csproj", "{3AAE6F0B-A943-4DBE-865C-AD0D4EF05801}"
EndProject
Project("{FAE04EC0-301F-11D3-BF4B-00C04F79EFBC}") = "Neptune.NsPay.TelegramMidStopHelper", "Neptune.NsPay.TelegramMidStopHelper\Neptune.NsPay.TelegramMidStopHelper.csproj", "{EB4BBAA9-D4A5-4608-8B00-2AB146F24657}"
EndProject
Global
	GlobalSection(SolutionConfigurationPlatforms) = preSolution
		Debug|Any CPU = Debug|Any CPU
		Release|Any CPU = Release|Any CPU
	EndGlobalSection
	GlobalSection(ProjectConfigurationPlatforms) = postSolution
		{A2213374-BB48-48FD-BBD4-81E6A961D866}.Debug|Any CPU.ActiveCfg = Debug|Any CPU
		{A2213374-BB48-48FD-BBD4-81E6A961D866}.Debug|Any CPU.Build.0 = Debug|Any CPU
		{A2213374-BB48-48FD-BBD4-81E6A961D866}.Release|Any CPU.ActiveCfg = Release|Any CPU
		{A2213374-BB48-48FD-BBD4-81E6A961D866}.Release|Any CPU.Build.0 = Release|Any CPU
		{0FA75A5B-AB83-4FD0-B545-279774C01E87}.Debug|Any CPU.ActiveCfg = Debug|Any CPU
		{0FA75A5B-AB83-4FD0-B545-279774C01E87}.Debug|Any CPU.Build.0 = Debug|Any CPU
		{0FA75A5B-AB83-4FD0-B545-279774C01E87}.Release|Any CPU.ActiveCfg = Release|Any CPU
		{0FA75A5B-AB83-4FD0-B545-279774C01E87}.Release|Any CPU.Build.0 = Release|Any CPU
		{3870C648-4AEA-4B85-BA3F-F2F63B96136A}.Debug|Any CPU.ActiveCfg = Debug|Any CPU
		{3870C648-4AEA-4B85-BA3F-F2F63B96136A}.Debug|Any CPU.Build.0 = Debug|Any CPU
		{3870C648-4AEA-4B85-BA3F-F2F63B96136A}.Release|Any CPU.ActiveCfg = Release|Any CPU
		{3870C648-4AEA-4B85-BA3F-F2F63B96136A}.Release|Any CPU.Build.0 = Release|Any CPU
		{0D4C5D00-C144-4213-A007-4B8944113AB1}.Debug|Any CPU.ActiveCfg = Debug|Any CPU
		{0D4C5D00-C144-4213-A007-4B8944113AB1}.Debug|Any CPU.Build.0 = Debug|Any CPU
		{0D4C5D00-C144-4213-A007-4B8944113AB1}.Release|Any CPU.ActiveCfg = Release|Any CPU
		{0D4C5D00-C144-4213-A007-4B8944113AB1}.Release|Any CPU.Build.0 = Release|Any CPU
		{7CAD3713-812A-4DE1-BDE3-59225B1E430A}.Debug|Any CPU.ActiveCfg = Debug|Any CPU
		{7CAD3713-812A-4DE1-BDE3-59225B1E430A}.Debug|Any CPU.Build.0 = Debug|Any CPU
		{7CAD3713-812A-4DE1-BDE3-59225B1E430A}.Release|Any CPU.ActiveCfg = Release|Any CPU
		{7CAD3713-812A-4DE1-BDE3-59225B1E430A}.Release|Any CPU.Build.0 = Release|Any CPU
		{0F0E141D-2626-4114-9805-3AFD8275A6B0}.Debug|Any CPU.ActiveCfg = Debug|Any CPU
		{0F0E141D-2626-4114-9805-3AFD8275A6B0}.Debug|Any CPU.Build.0 = Debug|Any CPU
		{0F0E141D-2626-4114-9805-3AFD8275A6B0}.Release|Any CPU.ActiveCfg = Release|Any CPU
		{0F0E141D-2626-4114-9805-3AFD8275A6B0}.Release|Any CPU.Build.0 = Release|Any CPU
		{A229F7D5-EE83-462E-8642-E9A2D5EA90FE}.Debug|Any CPU.ActiveCfg = Debug|Any CPU
		{A229F7D5-EE83-462E-8642-E9A2D5EA90FE}.Debug|Any CPU.Build.0 = Debug|Any CPU
		{A229F7D5-EE83-462E-8642-E9A2D5EA90FE}.Release|Any CPU.ActiveCfg = Release|Any CPU
		{A229F7D5-EE83-462E-8642-E9A2D5EA90FE}.Release|Any CPU.Build.0 = Release|Any CPU
		{6143A90B-6C2A-4683-8A3A-4D48702770EA}.Debug|Any CPU.ActiveCfg = Debug|Any CPU
		{6143A90B-6C2A-4683-8A3A-4D48702770EA}.Debug|Any CPU.Build.0 = Debug|Any CPU
		{6143A90B-6C2A-4683-8A3A-4D48702770EA}.Release|Any CPU.ActiveCfg = Release|Any CPU
		{6143A90B-6C2A-4683-8A3A-4D48702770EA}.Release|Any CPU.Build.0 = Release|Any CPU
		{4D6603C1-F7D6-4681-97F8-69B4BBBC0536}.Debug|Any CPU.ActiveCfg = Debug|Any CPU
		{4D6603C1-F7D6-4681-97F8-69B4BBBC0536}.Debug|Any CPU.Build.0 = Debug|Any CPU
		{4D6603C1-F7D6-4681-97F8-69B4BBBC0536}.Release|Any CPU.ActiveCfg = Release|Any CPU
		{4D6603C1-F7D6-4681-97F8-69B4BBBC0536}.Release|Any CPU.Build.0 = Release|Any CPU
		{06BE6AD3-3D14-4D0B-935A-4228C7904A9D}.Debug|Any CPU.ActiveCfg = Debug|Any CPU
		{06BE6AD3-3D14-4D0B-935A-4228C7904A9D}.Debug|Any CPU.Build.0 = Debug|Any CPU
		{06BE6AD3-3D14-4D0B-935A-4228C7904A9D}.Release|Any CPU.ActiveCfg = Release|Any CPU
		{06BE6AD3-3D14-4D0B-935A-4228C7904A9D}.Release|Any CPU.Build.0 = Release|Any CPU
		{E09101B3-F77E-4C72-8465-7B430FA93AD1}.Debug|Any CPU.ActiveCfg = Debug|Any CPU
		{E09101B3-F77E-4C72-8465-7B430FA93AD1}.Debug|Any CPU.Build.0 = Debug|Any CPU
		{E09101B3-F77E-4C72-8465-7B430FA93AD1}.Release|Any CPU.ActiveCfg = Release|Any CPU
		{E09101B3-F77E-4C72-8465-7B430FA93AD1}.Release|Any CPU.Build.0 = Release|Any CPU
		{62EC592B-CC95-43C2-9736-0EC6E46B01FA}.Debug|Any CPU.ActiveCfg = Debug|Any CPU
		{62EC592B-CC95-43C2-9736-0EC6E46B01FA}.Debug|Any CPU.Build.0 = Debug|Any CPU
		{62EC592B-CC95-43C2-9736-0EC6E46B01FA}.Release|Any CPU.ActiveCfg = Release|Any CPU
		{62EC592B-CC95-43C2-9736-0EC6E46B01FA}.Release|Any CPU.Build.0 = Release|Any CPU
		{666F9B8F-1D07-4B00-A5FF-36F4BFF5302F}.Debug|Any CPU.ActiveCfg = Debug|Any CPU
		{666F9B8F-1D07-4B00-A5FF-36F4BFF5302F}.Debug|Any CPU.Build.0 = Debug|Any CPU
		{666F9B8F-1D07-4B00-A5FF-36F4BFF5302F}.Release|Any CPU.ActiveCfg = Release|Any CPU
		{666F9B8F-1D07-4B00-A5FF-36F4BFF5302F}.Release|Any CPU.Build.0 = Release|Any CPU
		{13B1C319-945F-45DB-9552-E904C2FB6EEF}.Debug|Any CPU.ActiveCfg = Debug|Any CPU
		{13B1C319-945F-45DB-9552-E904C2FB6EEF}.Debug|Any CPU.Build.0 = Debug|Any CPU
		{13B1C319-945F-45DB-9552-E904C2FB6EEF}.Release|Any CPU.ActiveCfg = Release|Any CPU
		{13B1C319-945F-45DB-9552-E904C2FB6EEF}.Release|Any CPU.Build.0 = Release|Any CPU
		{6ADDAFB8-A5A2-4DD9-903D-2127E3289CE1}.Debug|Any CPU.ActiveCfg = Debug|Any CPU
		{6ADDAFB8-A5A2-4DD9-903D-2127E3289CE1}.Debug|Any CPU.Build.0 = Debug|Any CPU
		{6ADDAFB8-A5A2-4DD9-903D-2127E3289CE1}.Release|Any CPU.ActiveCfg = Release|Any CPU
		{6ADDAFB8-A5A2-4DD9-903D-2127E3289CE1}.Release|Any CPU.Build.0 = Release|Any CPU
		{5D24AB4E-ECCB-44EB-A917-62784ADDF83A}.Debug|Any CPU.ActiveCfg = Debug|Any CPU
		{5D24AB4E-ECCB-44EB-A917-62784ADDF83A}.Debug|Any CPU.Build.0 = Debug|Any CPU
		{5D24AB4E-ECCB-44EB-A917-62784ADDF83A}.Release|Any CPU.ActiveCfg = Release|Any CPU
		{5D24AB4E-ECCB-44EB-A917-62784ADDF83A}.Release|Any CPU.Build.0 = Release|Any CPU
		{E78552C1-A98B-4CD1-9D2C-5E2A4B44FF29}.Debug|Any CPU.ActiveCfg = Debug|Any CPU
		{E78552C1-A98B-4CD1-9D2C-5E2A4B44FF29}.Debug|Any CPU.Build.0 = Debug|Any CPU
		{E78552C1-A98B-4CD1-9D2C-5E2A4B44FF29}.Release|Any CPU.ActiveCfg = Release|Any CPU
		{E78552C1-A98B-4CD1-9D2C-5E2A4B44FF29}.Release|Any CPU.Build.0 = Release|Any CPU
		{5AF10C28-C58C-4432-9BCD-F7B31E658796}.Debug|Any CPU.ActiveCfg = Debug|Any CPU
		{5AF10C28-C58C-4432-9BCD-F7B31E658796}.Debug|Any CPU.Build.0 = Debug|Any CPU
		{5AF10C28-C58C-4432-9BCD-F7B31E658796}.Release|Any CPU.ActiveCfg = Release|Any CPU
		{5AF10C28-C58C-4432-9BCD-F7B31E658796}.Release|Any CPU.Build.0 = Release|Any CPU
		{477ED7DB-7A96-47FF-B7DF-26EC87697302}.Debug|Any CPU.ActiveCfg = Debug|Any CPU
		{477ED7DB-7A96-47FF-B7DF-26EC87697302}.Debug|Any CPU.Build.0 = Debug|Any CPU
		{477ED7DB-7A96-47FF-B7DF-26EC87697302}.Release|Any CPU.ActiveCfg = Release|Any CPU
		{477ED7DB-7A96-47FF-B7DF-26EC87697302}.Release|Any CPU.Build.0 = Release|Any CPU
		{79B50B35-C320-40C3-8CD0-3FF66815851F}.Debug|Any CPU.ActiveCfg = Debug|Any CPU
		{79B50B35-C320-40C3-8CD0-3FF66815851F}.Debug|Any CPU.Build.0 = Debug|Any CPU
		{79B50B35-C320-40C3-8CD0-3FF66815851F}.Release|Any CPU.ActiveCfg = Release|Any CPU
		{79B50B35-C320-40C3-8CD0-3FF66815851F}.Release|Any CPU.Build.0 = Release|Any CPU
		{43A9660F-0FE2-41E8-9E1D-F7F3B79D340A}.Debug|Any CPU.ActiveCfg = Debug|Any CPU
		{43A9660F-0FE2-41E8-9E1D-F7F3B79D340A}.Debug|Any CPU.Build.0 = Debug|Any CPU
		{43A9660F-0FE2-41E8-9E1D-F7F3B79D340A}.Release|Any CPU.ActiveCfg = Release|Any CPU
		{43A9660F-0FE2-41E8-9E1D-F7F3B79D340A}.Release|Any CPU.Build.0 = Release|Any CPU
		{89008470-C849-43A6-B3CF-720C433EE366}.Debug|Any CPU.ActiveCfg = Debug|Any CPU
		{89008470-C849-43A6-B3CF-720C433EE366}.Debug|Any CPU.Build.0 = Debug|Any CPU
		{89008470-C849-43A6-B3CF-720C433EE366}.Release|Any CPU.ActiveCfg = Release|Any CPU
		{89008470-C849-43A6-B3CF-720C433EE366}.Release|Any CPU.Build.0 = Release|Any CPU
		{BB3AFDC5-B12E-44B1-97E7-F0C16111EA90}.Debug|Any CPU.ActiveCfg = Debug|Any CPU
		{BB3AFDC5-B12E-44B1-97E7-F0C16111EA90}.Debug|Any CPU.Build.0 = Debug|Any CPU
		{BB3AFDC5-B12E-44B1-97E7-F0C16111EA90}.Release|Any CPU.ActiveCfg = Release|Any CPU
		{BB3AFDC5-B12E-44B1-97E7-F0C16111EA90}.Release|Any CPU.Build.0 = Release|Any CPU
		{62B03A72-5DAA-4240-8F69-C5A12A9762FA}.Debug|Any CPU.ActiveCfg = Debug|Any CPU
		{62B03A72-5DAA-4240-8F69-C5A12A9762FA}.Debug|Any CPU.Build.0 = Debug|Any CPU
		{62B03A72-5DAA-4240-8F69-C5A12A9762FA}.Release|Any CPU.ActiveCfg = Release|Any CPU
		{62B03A72-5DAA-4240-8F69-C5A12A9762FA}.Release|Any CPU.Build.0 = Release|Any CPU
		{283FC564-2E8D-4AB6-B913-280D95DE9457}.Debug|Any CPU.ActiveCfg = Debug|Any CPU
		{283FC564-2E8D-4AB6-B913-280D95DE9457}.Debug|Any CPU.Build.0 = Debug|Any CPU
		{283FC564-2E8D-4AB6-B913-280D95DE9457}.Release|Any CPU.ActiveCfg = Release|Any CPU
		{283FC564-2E8D-4AB6-B913-280D95DE9457}.Release|Any CPU.Build.0 = Release|Any CPU
		{1BD5DBE4-1428-4393-8D24-88BD0982E5E1}.Debug|Any CPU.ActiveCfg = Debug|Any CPU
		{1BD5DBE4-1428-4393-8D24-88BD0982E5E1}.Debug|Any CPU.Build.0 = Debug|Any CPU
		{1BD5DBE4-1428-4393-8D24-88BD0982E5E1}.Release|Any CPU.ActiveCfg = Release|Any CPU
		{1BD5DBE4-1428-4393-8D24-88BD0982E5E1}.Release|Any CPU.Build.0 = Release|Any CPU
		{40FC84DA-C4FF-48AB-84A8-016336C8C6EE}.Debug|Any CPU.ActiveCfg = Debug|Any CPU
		{40FC84DA-C4FF-48AB-84A8-016336C8C6EE}.Debug|Any CPU.Build.0 = Debug|Any CPU
		{40FC84DA-C4FF-48AB-84A8-016336C8C6EE}.Release|Any CPU.ActiveCfg = Release|Any CPU
		{40FC84DA-C4FF-48AB-84A8-016336C8C6EE}.Release|Any CPU.Build.0 = Release|Any CPU
		{96033705-AC0C-4344-A596-A29C7D9710A1}.Debug|Any CPU.ActiveCfg = Debug|Any CPU
		{96033705-AC0C-4344-A596-A29C7D9710A1}.Debug|Any CPU.Build.0 = Debug|Any CPU
		{96033705-AC0C-4344-A596-A29C7D9710A1}.Release|Any CPU.ActiveCfg = Release|Any CPU
		{96033705-AC0C-4344-A596-A29C7D9710A1}.Release|Any CPU.Build.0 = Release|Any CPU
		{519258C6-D15C-4D46-8D33-810A40C4ACE2}.Debug|Any CPU.ActiveCfg = Debug|Any CPU
		{519258C6-D15C-4D46-8D33-810A40C4ACE2}.Debug|Any CPU.Build.0 = Debug|Any CPU
		{519258C6-D15C-4D46-8D33-810A40C4ACE2}.Release|Any CPU.ActiveCfg = Release|Any CPU
		{519258C6-D15C-4D46-8D33-810A40C4ACE2}.Release|Any CPU.Build.0 = Release|Any CPU
		{714AAFCF-D091-425B-90B3-D799364253DE}.Debug|Any CPU.ActiveCfg = Debug|Any CPU
		{714AAFCF-D091-425B-90B3-D799364253DE}.Debug|Any CPU.Build.0 = Debug|Any CPU
		{714AAFCF-D091-425B-90B3-D799364253DE}.Release|Any CPU.ActiveCfg = Release|Any CPU
		{714AAFCF-D091-425B-90B3-D799364253DE}.Release|Any CPU.Build.0 = Release|Any CPU
		{7CFCAF14-9412-42A5-93B7-1465E608C14C}.Debug|Any CPU.ActiveCfg = Debug|Any CPU
		{7CFCAF14-9412-42A5-93B7-1465E608C14C}.Debug|Any CPU.Build.0 = Debug|Any CPU
		{7CFCAF14-9412-42A5-93B7-1465E608C14C}.Release|Any CPU.ActiveCfg = Release|Any CPU
		{7CFCAF14-9412-42A5-93B7-1465E608C14C}.Release|Any CPU.Build.0 = Release|Any CPU
		{B15969C1-ACDB-46B6-89B0-35140F426DB9}.Debug|Any CPU.ActiveCfg = Debug|Any CPU
		{B15969C1-ACDB-46B6-89B0-35140F426DB9}.Debug|Any CPU.Build.0 = Debug|Any CPU
		{B15969C1-ACDB-46B6-89B0-35140F426DB9}.Release|Any CPU.ActiveCfg = Release|Any CPU
		{B15969C1-ACDB-46B6-89B0-35140F426DB9}.Release|Any CPU.Build.0 = Release|Any CPU
		{6417247D-CE90-412F-8C20-BA2CB13B5988}.Debug|Any CPU.ActiveCfg = Debug|Any CPU
		{6417247D-CE90-412F-8C20-BA2CB13B5988}.Debug|Any CPU.Build.0 = Debug|Any CPU
		{6417247D-CE90-412F-8C20-BA2CB13B5988}.Release|Any CPU.ActiveCfg = Release|Any CPU
		{6417247D-CE90-412F-8C20-BA2CB13B5988}.Release|Any CPU.Build.0 = Release|Any CPU
		{458FC3D3-4DDC-4FA3-A8EF-968D21023476}.Debug|Any CPU.ActiveCfg = Debug|Any CPU
		{458FC3D3-4DDC-4FA3-A8EF-968D21023476}.Debug|Any CPU.Build.0 = Debug|Any CPU
		{458FC3D3-4DDC-4FA3-A8EF-968D21023476}.Release|Any CPU.ActiveCfg = Release|Any CPU
		{458FC3D3-4DDC-4FA3-A8EF-968D21023476}.Release|Any CPU.Build.0 = Release|Any CPU
		{36C0AC91-7EE0-42D2-80CA-463D50BDB7E5}.Debug|Any CPU.ActiveCfg = Debug|Any CPU
		{36C0AC91-7EE0-42D2-80CA-463D50BDB7E5}.Debug|Any CPU.Build.0 = Debug|Any CPU
		{36C0AC91-7EE0-42D2-80CA-463D50BDB7E5}.Release|Any CPU.ActiveCfg = Release|Any CPU
		{36C0AC91-7EE0-42D2-80CA-463D50BDB7E5}.Release|Any CPU.Build.0 = Release|Any CPU
		{3596E420-5EF8-4CF5-92CC-642D7E9292C1}.Debug|Any CPU.ActiveCfg = Debug|Any CPU
		{3596E420-5EF8-4CF5-92CC-642D7E9292C1}.Debug|Any CPU.Build.0 = Debug|Any CPU
		{3596E420-5EF8-4CF5-92CC-642D7E9292C1}.Release|Any CPU.ActiveCfg = Release|Any CPU
		{3596E420-5EF8-4CF5-92CC-642D7E9292C1}.Release|Any CPU.Build.0 = Release|Any CPU
		{CD687213-3376-4211-A028-16DAFF5C3E35}.Debug|Any CPU.ActiveCfg = Debug|Any CPU
		{CD687213-3376-4211-A028-16DAFF5C3E35}.Debug|Any CPU.Build.0 = Debug|Any CPU
		{CD687213-3376-4211-A028-16DAFF5C3E35}.Release|Any CPU.ActiveCfg = Release|Any CPU
		{CD687213-3376-4211-A028-16DAFF5C3E35}.Release|Any CPU.Build.0 = Release|Any CPU
		{AD049213-70D1-415A-8499-695FDB44F2E3}.Debug|Any CPU.ActiveCfg = Debug|Any CPU
		{AD049213-70D1-415A-8499-695FDB44F2E3}.Debug|Any CPU.Build.0 = Debug|Any CPU
		{AD049213-70D1-415A-8499-695FDB44F2E3}.Release|Any CPU.ActiveCfg = Release|Any CPU
		{AD049213-70D1-415A-8499-695FDB44F2E3}.Release|Any CPU.Build.0 = Release|Any CPU
		{FABDB7C8-6EA3-4C92-88D9-2C7826373691}.Debug|Any CPU.ActiveCfg = Debug|Any CPU
		{FABDB7C8-6EA3-4C92-88D9-2C7826373691}.Debug|Any CPU.Build.0 = Debug|Any CPU
		{FABDB7C8-6EA3-4C92-88D9-2C7826373691}.Release|Any CPU.ActiveCfg = Release|Any CPU
		{FABDB7C8-6EA3-4C92-88D9-2C7826373691}.Release|Any CPU.Build.0 = Release|Any CPU
		{3AAE6F0B-A943-4DBE-865C-AD0D4EF05801}.Debug|Any CPU.ActiveCfg = Debug|Any CPU
		{3AAE6F0B-A943-4DBE-865C-AD0D4EF05801}.Debug|Any CPU.Build.0 = Debug|Any CPU
		{3AAE6F0B-A943-4DBE-865C-AD0D4EF05801}.Release|Any CPU.ActiveCfg = Release|Any CPU
		{3AAE6F0B-A943-4DBE-865C-AD0D4EF05801}.Release|Any CPU.Build.0 = Release|Any CPU
		{EB4BBAA9-D4A5-4608-8B00-2AB146F24657}.Debug|Any CPU.ActiveCfg = Debug|Any CPU
		{EB4BBAA9-D4A5-4608-8B00-2AB146F24657}.Debug|Any CPU.Build.0 = Debug|Any CPU
		{EB4BBAA9-D4A5-4608-8B00-2AB146F24657}.Release|Any CPU.ActiveCfg = Release|Any CPU
		{EB4BBAA9-D4A5-4608-8B00-2AB146F24657}.Release|Any CPU.Build.0 = Release|Any CPU
	EndGlobalSection
	GlobalSection(SolutionProperties) = preSolution
		HideSolutionNode = FALSE
	EndGlobalSection
	GlobalSection(NestedProjects) = preSolution
		{A2213374-BB48-48FD-BBD4-81E6A961D866} = {AFAA0841-BD93-466F-B8F4-FB4EEC86F1FC}
		{0FA75A5B-AB83-4FD0-B545-279774C01E87} = {AFAA0841-BD93-466F-B8F4-FB4EEC86F1FC}
		{3870C648-4AEA-4B85-BA3F-F2F63B96136A} = {AFAA0841-BD93-466F-B8F4-FB4EEC86F1FC}
		{0D4C5D00-C144-4213-A007-4B8944113AB1} = {F10AA149-2626-486E-85BB-9CD5365F3016}
		{7CAD3713-812A-4DE1-BDE3-59225B1E430A} = {AFAA0841-BD93-466F-B8F4-FB4EEC86F1FC}
		{0F0E141D-2626-4114-9805-3AFD8275A6B0} = {AFAA0841-BD93-466F-B8F4-FB4EEC86F1FC}
		{A229F7D5-EE83-462E-8642-E9A2D5EA90FE} = {AFAA0841-BD93-466F-B8F4-FB4EEC86F1FC}
		{6143A90B-6C2A-4683-8A3A-4D48702770EA} = {AFAA0841-BD93-466F-B8F4-FB4EEC86F1FC}
		{4D6603C1-F7D6-4681-97F8-69B4BBBC0536} = {AFAA0841-BD93-466F-B8F4-FB4EEC86F1FC}
		{06BE6AD3-3D14-4D0B-935A-4228C7904A9D} = {AFAA0841-BD93-466F-B8F4-FB4EEC86F1FC}
		{E09101B3-F77E-4C72-8465-7B430FA93AD1} = {F10AA149-2626-486E-85BB-9CD5365F3016}
		{62EC592B-CC95-43C2-9736-0EC6E46B01FA} = {F10AA149-2626-486E-85BB-9CD5365F3016}
		{666F9B8F-1D07-4B00-A5FF-36F4BFF5302F} = {F10AA149-2626-486E-85BB-9CD5365F3016}
		{13B1C319-945F-45DB-9552-E904C2FB6EEF} = {AFAA0841-BD93-466F-B8F4-FB4EEC86F1FC}
		{6ADDAFB8-A5A2-4DD9-903D-2127E3289CE1} = {AFAA0841-BD93-466F-B8F4-FB4EEC86F1FC}
		{5D24AB4E-ECCB-44EB-A917-62784ADDF83A} = {AFAA0841-BD93-466F-B8F4-FB4EEC86F1FC}
		{E78552C1-A98B-4CD1-9D2C-5E2A4B44FF29} = {AFAA0841-BD93-466F-B8F4-FB4EEC86F1FC}
		{5AF10C28-C58C-4432-9BCD-F7B31E658796} = {AFAA0841-BD93-466F-B8F4-FB4EEC86F1FC}
		{477ED7DB-7A96-47FF-B7DF-26EC87697302} = {AFAA0841-BD93-466F-B8F4-FB4EEC86F1FC}
		{79B50B35-C320-40C3-8CD0-3FF66815851F} = {AFAA0841-BD93-466F-B8F4-FB4EEC86F1FC}
		{43A9660F-0FE2-41E8-9E1D-F7F3B79D340A} = {AFAA0841-BD93-466F-B8F4-FB4EEC86F1FC}
		{89008470-C849-43A6-B3CF-720C433EE366} = {AFAA0841-BD93-466F-B8F4-FB4EEC86F1FC}
		{BB3AFDC5-B12E-44B1-97E7-F0C16111EA90} = {AFAA0841-BD93-466F-B8F4-FB4EEC86F1FC}
		{62B03A72-5DAA-4240-8F69-C5A12A9762FA} = {AFAA0841-BD93-466F-B8F4-FB4EEC86F1FC}
		{283FC564-2E8D-4AB6-B913-280D95DE9457} = {AFAA0841-BD93-466F-B8F4-FB4EEC86F1FC}
		{1BD5DBE4-1428-4393-8D24-88BD0982E5E1} = {AFAA0841-BD93-466F-B8F4-FB4EEC86F1FC}
		{40FC84DA-C4FF-48AB-84A8-016336C8C6EE} = {AFAA0841-BD93-466F-B8F4-FB4EEC86F1FC}
		{96033705-AC0C-4344-A596-A29C7D9710A1} = {AFAA0841-BD93-466F-B8F4-FB4EEC86F1FC}
		{519258C6-D15C-4D46-8D33-810A40C4ACE2} = {AFAA0841-BD93-466F-B8F4-FB4EEC86F1FC}
		{714AAFCF-D091-425B-90B3-D799364253DE} = {AFAA0841-BD93-466F-B8F4-FB4EEC86F1FC}
		{7CFCAF14-9412-42A5-93B7-1465E608C14C} = {AFAA0841-BD93-466F-B8F4-FB4EEC86F1FC}
		{B15969C1-ACDB-46B6-89B0-35140F426DB9} = {AFAA0841-BD93-466F-B8F4-FB4EEC86F1FC}
		{6417247D-CE90-412F-8C20-BA2CB13B5988} = {AFAA0841-BD93-466F-B8F4-FB4EEC86F1FC}
		{458FC3D3-4DDC-4FA3-A8EF-968D21023476} = {AFAA0841-BD93-466F-B8F4-FB4EEC86F1FC}
		{36C0AC91-7EE0-42D2-80CA-463D50BDB7E5} = {AFAA0841-BD93-466F-B8F4-FB4EEC86F1FC}
		{3596E420-5EF8-4CF5-92CC-642D7E9292C1} = {AFAA0841-BD93-466F-B8F4-FB4EEC86F1FC}
		{CD687213-3376-4211-A028-16DAFF5C3E35} = {AFAA0841-BD93-466F-B8F4-FB4EEC86F1FC}
		{AD049213-70D1-415A-8499-695FDB44F2E3} = {AFAA0841-BD93-466F-B8F4-FB4EEC86F1FC}
		{FABDB7C8-6EA3-4C92-88D9-2C7826373691} = {AFAA0841-BD93-466F-B8F4-FB4EEC86F1FC}
		{3AAE6F0B-A943-4DBE-865C-AD0D4EF05801} = {AFAA0841-BD93-466F-B8F4-FB4EEC86F1FC}
		{EB4BBAA9-D4A5-4608-8B00-2AB146F24657} = {AFAA0841-BD93-466F-B8F4-FB4EEC86F1FC}
	EndGlobalSection
	GlobalSection(ExtensibilityGlobals) = postSolution
		SolutionGuid = {23CD4D4B-B131-473D-9ECB-5DD96E739671}
	EndGlobalSection
EndGlobal
